
Microsoft Visual Studio Solution File, Format Version 12.00
# Visual Studio Version 17
VisualStudioVersion = 17.10.35013.160
MinimumVisualStudioVersion = 10.0.40219.1
Project("{2150E333-8FDC-42A3-9474-1A3956D46DE8}") = "Application", "Application", "{09221BE6-28AC-4267-8D52-24A1BB925E31}"
EndProject
Project("{2150E333-8FDC-42A3-9474-1A3956D46DE8}") = "Domain", "Domain", "{BF280825-1396-4766-9598-22F31CF3C8C4}"
EndProject
Project("{2150E333-8FDC-42A3-9474-1A3956D46DE8}") = "Infrastructure", "Infrastructure", "{5F4B7340-95D0-4393-BE43-69746ED7E2F4}"
EndProject
Project("{9A19103F-16F7-4668-BE54-9A1E7A4F7556}") = "Infrastructure", "Infrastructure\Infrastructure.csproj", "{35C03B45-5B8E-4E7D-AA2D-4894BBDE5C7C}"
EndProject
Project("{9A19103F-16F7-4668-BE54-9A1E7A4F7556}") = "Domain", "Domain\Domain.csproj", "{974962F9-82D9-4C93-B996-F3B7D3547B7C}"
EndProject
Project("{2150E333-8FDC-42A3-9474-1A3956D46DE8}") = "Infrastructure.IOC", "Infrastructure.IOC", "{26FC52F5-7662-47B5-869D-C12778475D16}"
EndProject
Project("{9A19103F-16F7-4668-BE54-9A1E7A4F7556}") = "Infrastructure.IOC", "Infrastructure.IOC\Infrastructure.IOC.csproj", "{1E9280FB-5E3A-4BC1-B6C8-F5CEFF9CC4FE}"
EndProject
Project("{2150E333-8FDC-42A3-9474-1A3956D46DE8}") = "Services", "Services", "{FE7A8A2D-1513-4608-938D-DD7F5126EF96}"
EndProject
Project("{9A19103F-16F7-4668-BE54-9A1E7A4F7556}") = "Services", "Services\Services.csproj", "{E568BDAD-93B1-4A61-86FF-022325B26944}"
EndProject
Project("{9A19103F-16F7-4668-BE54-9A1E7A4F7556}") = "api-authenticator", "api-authenticator\api-authenticator.csproj", "{7657B0A8-A396-4636-AD8C-A6294C394B46}"
EndProject
Project("{E53339B2-1760-4266-BCC7-CA923CBCF16C}") = "docker-compose", "docker-compose.dcproj", "{B76495EE-FB56-46F0-A821-A6DB5FCB67A9}"
EndProject
Global
	GlobalSection(SolutionConfigurationPlatforms) = preSolution
		Debug|Any CPU = Debug|Any CPU
		Release|Any CPU = Release|Any CPU
	EndGlobalSection
	GlobalSection(ProjectConfigurationPlatforms) = postSolution
		{35C03B45-5B8E-4E7D-AA2D-4894BBDE5C7C}.Debug|Any CPU.ActiveCfg = Debug|Any CPU
		{35C03B45-5B8E-4E7D-AA2D-4894BBDE5C7C}.Debug|Any CPU.Build.0 = Debug|Any CPU
		{35C03B45-5B8E-4E7D-AA2D-4894BBDE5C7C}.Release|Any CPU.ActiveCfg = Release|Any CPU
		{35C03B45-5B8E-4E7D-AA2D-4894BBDE5C7C}.Release|Any CPU.Build.0 = Release|Any CPU
		{974962F9-82D9-4C93-B996-F3B7D3547B7C}.Debug|Any CPU.ActiveCfg = Debug|Any CPU
		{974962F9-82D9-4C93-B996-F3B7D3547B7C}.Debug|Any CPU.Build.0 = Debug|Any CPU
		{974962F9-82D9-4C93-B996-F3B7D3547B7C}.Release|Any CPU.ActiveCfg = Release|Any CPU
		{974962F9-82D9-4C93-B996-F3B7D3547B7C}.Release|Any CPU.Build.0 = Release|Any CPU
		{1E9280FB-5E3A-4BC1-B6C8-F5CEFF9CC4FE}.Debug|Any CPU.ActiveCfg = Debug|Any CPU
		{1E9280FB-5E3A-4BC1-B6C8-F5CEFF9CC4FE}.Debug|Any CPU.Build.0 = Debug|Any CPU
		{1E9280FB-5E3A-4BC1-B6C8-F5CEFF9CC4FE}.Release|Any CPU.ActiveCfg = Release|Any CPU
		{1E9280FB-5E3A-4BC1-B6C8-F5CEFF9CC4FE}.Release|Any CPU.Build.0 = Release|Any CPU
		{E568BDAD-93B1-4A61-86FF-022325B26944}.Debug|Any CPU.ActiveCfg = Debug|Any CPU
		{E568BDAD-93B1-4A61-86FF-022325B26944}.Debug|Any CPU.Build.0 = Debug|Any CPU
		{E568BDAD-93B1-4A61-86FF-022325B26944}.Release|Any CPU.ActiveCfg = Release|Any CPU
		{E568BDAD-93B1-4A61-86FF-022325B26944}.Release|Any CPU.Build.0 = Release|Any CPU
		{7657B0A8-A396-4636-AD8C-A6294C394B46}.Debug|Any CPU.ActiveCfg = Debug|Any CPU
		{7657B0A8-A396-4636-AD8C-A6294C394B46}.Debug|Any CPU.Build.0 = Debug|Any CPU
		{7657B0A8-A396-4636-AD8C-A6294C394B46}.Release|Any CPU.ActiveCfg = Release|Any CPU
		{7657B0A8-A396-4636-AD8C-A6294C394B46}.Release|Any CPU.Build.0 = Release|Any CPU
		{B76495EE-FB56-46F0-A821-A6DB5FCB67A9}.Debug|Any CPU.ActiveCfg = Debug|Any CPU
		{B76495EE-FB56-46F0-A821-A6DB5FCB67A9}.Debug|Any CPU.Build.0 = Debug|Any CPU
		{B76495EE-FB56-46F0-A821-A6DB5FCB67A9}.Release|Any CPU.ActiveCfg = Release|Any CPU
		{B76495EE-FB56-46F0-A821-A6DB5FCB67A9}.Release|Any CPU.Build.0 = Release|Any CPU
	EndGlobalSection
	GlobalSection(SolutionProperties) = preSolution
		HideSolutionNode = FALSE
	EndGlobalSection
	GlobalSection(NestedProjects) = preSolution
		{35C03B45-5B8E-4E7D-AA2D-4894BBDE5C7C} = {5F4B7340-95D0-4393-BE43-69746ED7E2F4}
		{974962F9-82D9-4C93-B996-F3B7D3547B7C} = {BF280825-1396-4766-9598-22F31CF3C8C4}
		{1E9280FB-5E3A-4BC1-B6C8-F5CEFF9CC4FE} = {26FC52F5-7662-47B5-869D-C12778475D16}
		{E568BDAD-93B1-4A61-86FF-022325B26944} = {FE7A8A2D-1513-4608-938D-DD7F5126EF96}
		{7657B0A8-A396-4636-AD8C-A6294C394B46} = {09221BE6-28AC-4267-8D52-24A1BB925E31}
	EndGlobalSection
	GlobalSection(ExtensibilityGlobals) = postSolution
		SolutionGuid = {570804D9-C4DA-4309-9CF9-73CD62116C6F}
	EndGlobalSection
EndGlobal
